// !$*UTF8*$!
{
	archiveVersion = 1;
	classes = {
	};
	objectVersion = 56;
	objects = {

/* Begin PBXBuildFile section */
		87017FF729DAC93E0044FAB8 /* MergeSort.cpp in Sources */ = {isa = PBXBuildFile; fileRef = 87017FF629DAC93E0044FAB8 /* MergeSort.cpp */; };
		87017FF929DBE4E90044FAB8 /* QuickSort.cpp in Sources */ = {isa = PBXBuildFile; fileRef = 87017FF829DBE4E90044FAB8 /* QuickSort.cpp */; };
/* End PBXBuildFile section */

/* Begin PBXCopyFilesBuildPhase section */
		87BCA63229BB073C00D8DB58 /* CopyFiles */ = {
			isa = PBXCopyFilesBuildPhase;
			buildActionMask = 2147483647;
			dstPath = /usr/share/man/man1/;
			dstSubfolderSpec = 0;
			files = (
			);
			runOnlyForDeploymentPostprocessing = 1;
		};
/* End PBXCopyFilesBuildPhase section */

/* Begin PBXFileReference section */
		87017FC229D15C3C0044FAB8 /* 1920_수찾기.cpp */ = {isa = PBXFileReference; lastKnownFileType = sourcecode.cpp.cpp; path = "1920_수찾기.cpp"; sourceTree = "<group>"; };
		87017FC929D3F84D0044FAB8 /* SequentialSearch.cpp */ = {isa = PBXFileReference; lastKnownFileType = sourcecode.cpp.cpp; path = SequentialSearch.cpp; sourceTree = "<group>"; };
		87017FCB29D4036D0044FAB8 /* BinarySearch.cpp */ = {isa = PBXFileReference; lastKnownFileType = sourcecode.cpp.cpp; path = BinarySearch.cpp; sourceTree = "<group>"; };
		87017FCD29D4102F0044FAB8 /* Recusive Fibonacci.cpp */ = {isa = PBXFileReference; lastKnownFileType = sourcecode.cpp.cpp; path = "Recusive Fibonacci.cpp"; sourceTree = "<group>"; };
		87017FF629DAC93E0044FAB8 /* MergeSort.cpp */ = {isa = PBXFileReference; lastKnownFileType = sourcecode.cpp.cpp; path = MergeSort.cpp; sourceTree = "<group>"; };
		87017FF829DBE4E90044FAB8 /* QuickSort.cpp */ = {isa = PBXFileReference; lastKnownFileType = sourcecode.cpp.cpp; path = QuickSort.cpp; sourceTree = "<group>"; };
		8757992229CB1C1D00B55621 /* 10871_팩토리얼.cpp */ = {isa = PBXFileReference; lastKnownFileType = sourcecode.cpp.cpp; path = "10871_팩토리얼.cpp"; sourceTree = "<group>"; };
		8757992429CB21C700B55621 /* 10816_숫자카드2.cpp */ = {isa = PBXFileReference; lastKnownFileType = sourcecode.cpp.cpp; path = "10816_숫자카드2.cpp"; sourceTree = "<group>"; };
		87BCA63429BB073C00D8DB58 /* Algoritms_Cpp */ = {isa = PBXFileReference; explicitFileType = "compiled.mach-o.executable"; includeInIndex = 0; path = Algoritms_Cpp; sourceTree = BUILT_PRODUCTS_DIR; };
		87BCA64129BB08EF00D8DB58 /* 완전제곱수.cpp */ = {isa = PBXFileReference; lastKnownFileType = sourcecode.cpp.cpp; path = "완전제곱수.cpp"; sourceTree = "<group>"; };
/* End PBXFileReference section */

/* Begin PBXFrameworksBuildPhase section */
		87BCA63129BB073C00D8DB58 /* Frameworks */ = {
			isa = PBXFrameworksBuildPhase;
			buildActionMask = 2147483647;
			files = (
			);
			runOnlyForDeploymentPostprocessing = 0;
		};
/* End PBXFrameworksBuildPhase section */

/* Begin PBXGroup section */
		87017FC129D15C240044FAB8 /* BinarySearch */ = {
			isa = PBXGroup;
			children = (
				87017FC229D15C3C0044FAB8 /* 1920_수찾기.cpp */,
				8757992429CB21C700B55621 /* 10816_숫자카드2.cpp */,
			);
			path = BinarySearch;
			sourceTree = "<group>";
		};
		87017FC629D3F7F70044FAB8 /* BaekJoon */ = {
			isa = PBXGroup;
			children = (
				87BCA64129BB08EF00D8DB58 /* 완전제곱수.cpp */,
				8757992229CB1C1D00B55621 /* 10871_팩토리얼.cpp */,
				87017FC129D15C240044FAB8 /* BinarySearch */,
			);
			path = BaekJoon;
			sourceTree = "<group>";
		};
		87BCA62B29BB073C00D8DB58 = {
			isa = PBXGroup;
			children = (
				87017FC629D3F7F70044FAB8 /* BaekJoon */,
				87BCA63629BB073C00D8DB58 /* Algoritms */,
				87BCA63529BB073C00D8DB58 /* Products */,
			);
			sourceTree = "<group>";
		};
		87BCA63529BB073C00D8DB58 /* Products */ = {
			isa = PBXGroup;
			children = (
				87BCA63429BB073C00D8DB58 /* Algoritms_Cpp */,
			);
			name = Products;
			sourceTree = "<group>";
		};
		87BCA63629BB073C00D8DB58 /* Algoritms */ = {
			isa = PBXGroup;
			children = (
				87017FC929D3F84D0044FAB8 /* SequentialSearch.cpp */,
				87017FCB29D4036D0044FAB8 /* BinarySearch.cpp */,
				87017FCD29D4102F0044FAB8 /* Recusive Fibonacci.cpp */,
				87017FF629DAC93E0044FAB8 /* MergeSort.cpp */,
				87017FF829DBE4E90044FAB8 /* QuickSort.cpp */,
			);
			path = Algoritms;
			sourceTree = "<group>";
		};
/* End PBXGroup section */

/* Begin PBXNativeTarget section */
		87BCA63329BB073C00D8DB58 /* Algoritms_Cpp */ = {
			isa = PBXNativeTarget;
			buildConfigurationList = 87BCA63B29BB073C00D8DB58 /* Build configuration list for PBXNativeTarget "Algoritms_Cpp" */;
			buildPhases = (
				87BCA63029BB073C00D8DB58 /* Sources */,
				87BCA63129BB073C00D8DB58 /* Frameworks */,
				87BCA63229BB073C00D8DB58 /* CopyFiles */,
			);
			buildRules = (
			);
			dependencies = (
			);
			name = Algoritms_Cpp;
			productName = Algoritms_Cpp;
			productReference = 87BCA63429BB073C00D8DB58 /* Algoritms_Cpp */;
			productType = "com.apple.product-type.tool";
		};
/* End PBXNativeTarget section */

/* Begin PBXProject section */
		87BCA62C29BB073C00D8DB58 /* Project object */ = {
			isa = PBXProject;
			attributes = {
				BuildIndependentTargetsInParallel = 1;
				LastUpgradeCheck = 1410;
				TargetAttributes = {
					87BCA63329BB073C00D8DB58 = {
						CreatedOnToolsVersion = 14.1;
					};
				};
			};
			buildConfigurationList = 87BCA62F29BB073C00D8DB58 /* Build configuration list for PBXProject "Algoritms_Cpp" */;
			compatibilityVersion = "Xcode 14.0";
			developmentRegion = en;
			hasScannedForEncodings = 0;
			knownRegions = (
				en,
				Base,
			);
			mainGroup = 87BCA62B29BB073C00D8DB58;
			productRefGroup = 87BCA63529BB073C00D8DB58 /* Products */;
			projectDirPath = "";
			projectRoot = "";
			targets = (
				87BCA63329BB073C00D8DB58 /* Algoritms_Cpp */,
			);
		};
/* End PBXProject section */

/* Begin PBXSourcesBuildPhase section */
		87BCA63029BB073C00D8DB58 /* Sources */ = {
			isa = PBXSourcesBuildPhase;
			buildActionMask = 2147483647;
			files = (
				87017FF729DAC93E0044FAB8 /* MergeSort.cpp in Sources */,
				87017FF929DBE4E90044FAB8 /* QuickSort.cpp in Sources */,
			);
			runOnlyForDeploymentPostprocessing = 0;
		};
/* End PBXSourcesBuildPhase section */

/* Begin XCBuildConfiguration section */
		87BCA63929BB073C00D8DB58 /* Debug */ = {
			isa = XCBuildConfiguration;
			buildSettings = {
				ALWAYS_SEARCH_USER_PATHS = NO;
				CLANG_ANALYZER_NONNULL = YES;
				CLANG_ANALYZER_NUMBER_OBJECT_CONVERSION = YES_AGGRESSIVE;
				CLANG_CXX_LANGUAGE_STANDARD = "gnu++20";
				CLANG_ENABLE_MODULES = YES;
				CLANG_ENABLE_OBJC_ARC = YES;
				CLANG_ENABLE_OBJC_WEAK = YES;
				CLANG_WARN_BLOCK_CAPTURE_AUTORELEASING = YES;
				CLANG_WARN_BOOL_CONVERSION = YES;
				CLANG_WARN_COMMA = YES;
				CLANG_WARN_CONSTANT_CONVERSION = YES;
				CLANG_WARN_DEPRECATED_OBJC_IMPLEMENTATIONS = YES;
				CLANG_WARN_DIRECT_OBJC_ISA_USAGE = YES_ERROR;
				CLANG_WARN_DOCUMENTATION_COMMENTS = YES;
				CLANG_WARN_EMPTY_BODY = YES;
				CLANG_WARN_ENUM_CONVERSION = YES;
				CLANG_WARN_INFINITE_RECURSION = YES;
				CLANG_WARN_INT_CONVERSION = YES;
				CLANG_WARN_NON_LITERAL_NULL_CONVERSION = YES;
				CLANG_WARN_OBJC_IMPLICIT_RETAIN_SELF = YES;
				CLANG_WARN_OBJC_LITERAL_CONVERSION = YES;
				CLANG_WARN_OBJC_ROOT_CLASS = YES_ERROR;
				CLANG_WARN_QUOTED_INCLUDE_IN_FRAMEWORK_HEADER = YES;
				CLANG_WARN_RANGE_LOOP_ANALYSIS = YES;
				CLANG_WARN_STRICT_PROTOTYPES = YES;
				CLANG_WARN_SUSPICIOUS_MOVE = YES;
				CLANG_WARN_UNGUARDED_AVAILABILITY = YES_AGGRESSIVE;
				CLANG_WARN_UNREACHABLE_CODE = YES;
				CLANG_WARN__DUPLICATE_METHOD_MATCH = YES;
				COPY_PHASE_STRIP = NO;
				DEBUG_INFORMATION_FORMAT = dwarf;
				ENABLE_STRICT_OBJC_MSGSEND = YES;
				ENABLE_TESTABILITY = YES;
				GCC_C_LANGUAGE_STANDARD = gnu11;
				GCC_DYNAMIC_NO_PIC = NO;
				GCC_NO_COMMON_BLOCKS = YES;
				GCC_OPTIMIZATION_LEVEL = 0;
				GCC_PREPROCESSOR_DEFINITIONS = (
					"DEBUG=1",
					"$(inherited)",
				);
				GCC_WARN_64_TO_32_BIT_CONVERSION = YES;
				GCC_WARN_ABOUT_RETURN_TYPE = YES_ERROR;
				GCC_WARN_UNDECLARED_SELECTOR = YES;
				GCC_WARN_UNINITIALIZED_AUTOS = YES_AGGRESSIVE;
				GCC_WARN_UNUSED_FUNCTION = YES;
				GCC_WARN_UNUSED_VARIABLE = YES;
				MACOSX_DEPLOYMENT_TARGET = 13.0;
				MTL_ENABLE_DEBUG_INFO = INCLUDE_SOURCE;
				MTL_FAST_MATH = YES;
				ONLY_ACTIVE_ARCH = YES;
				SDKROOT = macosx;
			};
			name = Debug;
		};
		87BCA63A29BB073C00D8DB58 /* Release */ = {
			isa = XCBuildConfiguration;
			buildSettings = {
				ALWAYS_SEARCH_USER_PATHS = NO;
				CLANG_ANALYZER_NONNULL = YES;
				CLANG_ANALYZER_NUMBER_OBJECT_CONVERSION = YES_AGGRESSIVE;
				CLANG_CXX_LANGUAGE_STANDARD = "gnu++20";
				CLANG_ENABLE_MODULES = YES;
				CLANG_ENABLE_OBJC_ARC = YES;
				CLANG_ENABLE_OBJC_WEAK = YES;
				CLANG_WARN_BLOCK_CAPTURE_AUTORELEASING = YES;
				CLANG_WARN_BOOL_CONVERSION = YES;
				CLANG_WARN_COMMA = YES;
				CLANG_WARN_CONSTANT_CONVERSION = YES;
				CLANG_WARN_DEPRECATED_OBJC_IMPLEMENTATIONS = YES;
				CLANG_WARN_DIRECT_OBJC_ISA_USAGE = YES_ERROR;
				CLANG_WARN_DOCUMENTATION_COMMENTS = YES;
				CLANG_WARN_EMPTY_BODY = YES;
				CLANG_WARN_ENUM_CONVERSION = YES;
				CLANG_WARN_INFINITE_RECURSION = YES;
				CLANG_WARN_INT_CONVERSION = YES;
				CLANG_WARN_NON_LITERAL_NULL_CONVERSION = YES;
				CLANG_WARN_OBJC_IMPLICIT_RETAIN_SELF = YES;
				CLANG_WARN_OBJC_LITERAL_CONVERSION = YES;
				CLANG_WARN_OBJC_ROOT_CLASS = YES_ERROR;
				CLANG_WARN_QUOTED_INCLUDE_IN_FRAMEWORK_HEADER = YES;
				CLANG_WARN_RANGE_LOOP_ANALYSIS = YES;
				CLANG_WARN_STRICT_PROTOTYPES = YES;
				CLANG_WARN_SUSPICIOUS_MOVE = YES;
				CLANG_WARN_UNGUARDED_AVAILABILITY = YES_AGGRESSIVE;
				CLANG_WARN_UNREACHABLE_CODE = YES;
				CLANG_WARN__DUPLICATE_METHOD_MATCH = YES;
				COPY_PHASE_STRIP = NO;
				DEBUG_INFORMATION_FORMAT = "dwarf-with-dsym";
				ENABLE_NS_ASSERTIONS = NO;
				ENABLE_STRICT_OBJC_MSGSEND = YES;
				GCC_C_LANGUAGE_STANDARD = gnu11;
				GCC_NO_COMMON_BLOCKS = YES;
				GCC_WARN_64_TO_32_BIT_CONVERSION = YES;
				GCC_WARN_ABOUT_RETURN_TYPE = YES_ERROR;
				GCC_WARN_UNDECLARED_SELECTOR = YES;
				GCC_WARN_UNINITIALIZED_AUTOS = YES_AGGRESSIVE;
				GCC_WARN_UNUSED_FUNCTION = YES;
				GCC_WARN_UNUSED_VARIABLE = YES;
				MACOSX_DEPLOYMENT_TARGET = 13.0;
				MTL_ENABLE_DEBUG_INFO = NO;
				MTL_FAST_MATH = YES;
				SDKROOT = macosx;
			};
			name = Release;
		};
		87BCA63C29BB073C00D8DB58 /* Debug */ = {
			isa = XCBuildConfiguration;
			buildSettings = {
				CODE_SIGN_STYLE = Automatic;
				DEVELOPMENT_TEAM = T6DNHAHXG9;
				ENABLE_HARDENED_RUNTIME = YES;
				PRODUCT_NAME = "$(TARGET_NAME)";
			};
			name = Debug;
		};
		87BCA63D29BB073C00D8DB58 /* Release */ = {
			isa = XCBuildConfiguration;
			buildSettings = {
				CODE_SIGN_STYLE = Automatic;
				DEVELOPMENT_TEAM = T6DNHAHXG9;
				ENABLE_HARDENED_RUNTIME = YES;
				PRODUCT_NAME = "$(TARGET_NAME)";
			};
			name = Release;
		};
/* End XCBuildConfiguration section */

/* Begin XCConfigurationList section */
		87BCA62F29BB073C00D8DB58 /* Build configuration list for PBXProject "Algoritms_Cpp" */ = {
			isa = XCConfigurationList;
			buildConfigurations = (
				87BCA63929BB073C00D8DB58 /* Debug */,
				87BCA63A29BB073C00D8DB58 /* Release */,
			);
			defaultConfigurationIsVisible = 0;
			defaultConfigurationName = Release;
		};
		87BCA63B29BB073C00D8DB58 /* Build configuration list for PBXNativeTarget "Algoritms_Cpp" */ = {
			isa = XCConfigurationList;
			buildConfigurations = (
				87BCA63C29BB073C00D8DB58 /* Debug */,
				87BCA63D29BB073C00D8DB58 /* Release */,
			);
			defaultConfigurationIsVisible = 0;
			defaultConfigurationName = Release;
		};
/* End XCConfigurationList section */
	};
	rootObject = 87BCA62C29BB073C00D8DB58 /* Project object */;
}
